<?xml version="1.0" encoding="UTF-8" standalone="yes" ?>
<CodeBlocks_project_file>
	<FileVersion major="1" minor="6" />
	<Project>
		<Option title="SiHiDa" />
		<Option pch_mode="2" />
		<Option compiler="arm-elf-gcc" />
		<Build>
			<Target title="default">
				<Option output="SiHiDa" prefix_auto="1" extension_auto="1" />
				<Option type="1" />
				<Option compiler="arm-elf-gcc" />
			</Target>
		</Build>
		<Unit filename="Objects.cpp" />
		<Unit filename="Objects.h" />
		<Unit filename="Procedures.cpp" />
		<Unit filename="Procedures.h" />
		<Unit filename="SiHiDamain.cpp" />
		<Extensions>
			<code_completion />
			<envvars />
			<debugger />
		</Extensions>
	</Project>
</CodeBlocks_project_file>
